// !$*UTF8*$!
{
	archiveVersion = 1;
	classes = {
	};
	objectVersion = 55;
	objects = {

/* Begin PBXBuildFile section */
		BDFB29D42892C91E0077BFA0 /* AppDelegate.swift in Sources */ = {isa = PBXBuildFile; fileRef = BDFB29D32892C91E0077BFA0 /* AppDelegate.swift */; };
		BDFB29D62892C91E0077BFA0 /* SceneDelegate.swift in Sources */ = {isa = PBXBuildFile; fileRef = BDFB29D52892C91E0077BFA0 /* SceneDelegate.swift */; };
		BDFB29D82892C91E0077BFA0 /* ViewController.swift in Sources */ = {isa = PBXBuildFile; fileRef = BDFB29D72892C91E0077BFA0 /* ViewController.swift */; };
		BDFB29DB2892C91E0077BFA0 /* Main.storyboard in Resources */ = {isa = PBXBuildFile; fileRef = BDFB29D92892C91E0077BFA0 /* Main.storyboard */; };
		BDFB29DE2892C91E0077BFA0 /* AboutMe.xcdatamodeld in Sources */ = {isa = PBXBuildFile; fileRef = BDFB29DC2892C91E0077BFA0 /* AboutMe.xcdatamodeld */; };
		BDFB29E02892C9260077BFA0 /* Assets in Resources */ = {isa = PBXBuildFile; fileRef = BDFB29DF2892C9260077BFA0 /* Assets */; };
		BDFB29E32892C9260077BFA0 /* LaunchScreen.storyboard in Resources */ = {isa = PBXBuildFile; fileRef = BDFB29E12892C9260077BFA0 /* LaunchScreen.storyboard */; };
		BDFB29EE2892C9260077BFA0 /* AboutMeTests.swift in Sources */ = {isa = PBXBuildFile; fileRef = BDFB29ED2892C9260077BFA0 /* AboutMeTests.swift */; };
		BDFB29F82892C9260077BFA0 /* AboutMeUITests.swift in Sources */ = {isa = PBXBuildFile; fileRef = BDFB29F72892C9260077BFA0 /* AboutMeUITests.swift */; };
		BDFB29FA2892C9260077BFA0 /* AboutMeUITestsLaunchTests.swift in Sources */ = {isa = PBXBuildFile; fileRef = BDFB29F92892C9260077BFA0 /* AboutMeUITestsLaunchTests.swift */; };
/* End PBXBuildFile section */

/* Begin PBXContainerItemProxy section */
		BDFB29EA2892C9260077BFA0 /* PBXContainerItemProxy */ = {
			isa = PBXContainerItemProxy;
			containerPortal = BDFB29C82892C91E0077BFA0 /* Project object */;
			proxyType = 1;
			remoteGlobalIDString = BDFB29CF2892C91E0077BFA0;
			remoteInfo = AboutMe;
		};
		BDFB29F42892C9260077BFA0 /* PBXContainerItemProxy */ = {
			isa = PBXContainerItemProxy;
			containerPortal = BDFB29C82892C91E0077BFA0 /* Project object */;
			proxyType = 1;
			remoteGlobalIDString = BDFB29CF2892C91E0077BFA0;
			remoteInfo = AboutMe;
		};
/* End PBXContainerItemProxy section */

/* Begin PBXFileReference section */
		BDFB29D02892C91E0077BFA0 /* AboutMe.app */ = {isa = PBXFileReference; explicitFileType = wrapper.application; includeInIndex = 0; path = AboutMe.app; sourceTree = BUILT_PRODUCTS_DIR; };
		BDFB29D32892C91E0077BFA0 /* AppDelegate.swift */ = {isa = PBXFileReference; lastKnownFileType = sourcecode.swift; path = AppDelegate.swift; sourceTree = "<group>"; };
		BDFB29D52892C91E0077BFA0 /* SceneDelegate.swift */ = {isa = PBXFileReference; lastKnownFileType = sourcecode.swift; path = SceneDelegate.swift; sourceTree = "<group>"; };
		BDFB29D72892C91E0077BFA0 /* ViewController.swift */ = {isa = PBXFileReference; lastKnownFileType = sourcecode.swift; path = ViewController.swift; sourceTree = "<group>"; };
		BDFB29DA2892C91E0077BFA0 /* Base */ = {isa = PBXFileReference; lastKnownFileType = file.storyboard; name = Base; path = Base.lproj/Main.storyboard; sourceTree = "<group>"; };
		BDFB29DD2892C91E0077BFA0 /* AboutMe.xcdatamodel */ = {isa = PBXFileReference; lastKnownFileType = wrapper.xcdatamodel; path = AboutMe.xcdatamodel; sourceTree = "<group>"; };
		BDFB29DF2892C9260077BFA0 /* Assets */ = {isa = PBXFileReference; lastKnownFileType = folder; path = Assets; sourceTree = "<group>"; };
		BDFB29E22892C9260077BFA0 /* Base */ = {isa = PBXFileReference; lastKnownFileType = file.storyboard; name = Base; path = Base.lproj/LaunchScreen.storyboard; sourceTree = "<group>"; };
		BDFB29E42892C9260077BFA0 /* Info.plist */ = {isa = PBXFileReference; lastKnownFileType = text.plist.xml; path = Info.plist; sourceTree = "<group>"; };
		BDFB29E92892C9260077BFA0 /* AboutMeTests.xctest */ = {isa = PBXFileReference; explicitFileType = wrapper.cfbundle; includeInIndex = 0; path = AboutMeTests.xctest; sourceTree = BUILT_PRODUCTS_DIR; };
		BDFB29ED2892C9260077BFA0 /* AboutMeTests.swift */ = {isa = PBXFileReference; lastKnownFileType = sourcecode.swift; path = AboutMeTests.swift; sourceTree = "<group>"; };
		BDFB29F32892C9260077BFA0 /* AboutMeUITests.xctest */ = {isa = PBXFileReference; explicitFileType = wrapper.cfbundle; includeInIndex = 0; path = AboutMeUITests.xctest; sourceTree = BUILT_PRODUCTS_DIR; };
		BDFB29F72892C9260077BFA0 /* AboutMeUITests.swift */ = {isa = PBXFileReference; lastKnownFileType = sourcecode.swift; path = AboutMeUITests.swift; sourceTree = "<group>"; };
		BDFB29F92892C9260077BFA0 /* AboutMeUITestsLaunchTests.swift */ = {isa = PBXFileReference; lastKnownFileType = sourcecode.swift; path = AboutMeUITestsLaunchTests.swift; sourceTree = "<group>"; };
/* End PBXFileReference section */

/* Begin PBXFrameworksBuildPhase section */
		BDFB29CD2892C91E0077BFA0 /* Frameworks */ = {
			isa = PBXFrameworksBuildPhase;
			buildActionMask = 2147483647;
			files = (
			);
			runOnlyForDeploymentPostprocessing = 0;
		};
		BDFB29E62892C9260077BFA0 /* Frameworks */ = {
			isa = PBXFrameworksBuildPhase;
			buildActionMask = 2147483647;
			files = (
			);
			runOnlyForDeploymentPostprocessing = 0;
		};
		BDFB29F02892C9260077BFA0 /* Frameworks */ = {
			isa = PBXFrameworksBuildPhase;
			buildActionMask = 2147483647;
			files = (
			);
			runOnlyForDeploymentPostprocessing = 0;
		};
/* End PBXFrameworksBuildPhase section */

/* Begin PBXGroup section */
		BDFB29C72892C91E0077BFA0 = {
			isa = PBXGroup;
			children = (
				BDFB29D22892C91E0077BFA0 /* AboutMe */,
				BDFB29EC2892C9260077BFA0 /* AboutMeTests */,
				BDFB29F62892C9260077BFA0 /* AboutMeUITests */,
				BDFB29D12892C91E0077BFA0 /* Products */,
			);
			sourceTree = "<group>";
		};
		BDFB29D12892C91E0077BFA0 /* Products */ = {
			isa = PBXGroup;
			children = (
				BDFB29D02892C91E0077BFA0 /* AboutMe.app */,
				BDFB29E92892C9260077BFA0 /* AboutMeTests.xctest */,
				BDFB29F32892C9260077BFA0 /* AboutMeUITests.xctest */,
			);
			name = Products;
			sourceTree = "<group>";
		};
		BDFB29D22892C91E0077BFA0 /* AboutMe */ = {
			isa = PBXGroup;
			children = (
				BDFB29D32892C91E0077BFA0 /* AppDelegate.swift */,
				BDFB29D52892C91E0077BFA0 /* SceneDelegate.swift */,
				BDFB29D72892C91E0077BFA0 /* ViewController.swift */,
				BDFB29D92892C91E0077BFA0 /* Main.storyboard */,
				BDFB29DF2892C9260077BFA0 /* Assets */,
				BDFB29E12892C9260077BFA0 /* LaunchScreen.storyboard */,
				BDFB29E42892C9260077BFA0 /* Info.plist */,
				BDFB29DC2892C91E0077BFA0 /* AboutMe.xcdatamodeld */,
			);
			path = AboutMe;
			sourceTree = "<group>";
		};
		BDFB29EC2892C9260077BFA0 /* AboutMeTests */ = {
			isa = PBXGroup;
			children = (
				BDFB29ED2892C9260077BFA0 /* AboutMeTests.swift */,
			);
			path = AboutMeTests;
			sourceTree = "<group>";
		};
		BDFB29F62892C9260077BFA0 /* AboutMeUITests */ = {
			isa = PBXGroup;
			children = (
				BDFB29F72892C9260077BFA0 /* AboutMeUITests.swift */,
				BDFB29F92892C9260077BFA0 /* AboutMeUITestsLaunchTests.swift */,
			);
			path = AboutMeUITests;
			sourceTree = "<group>";
		};
/* End PBXGroup section */

/* Begin PBXNativeTarget section */
		BDFB29CF2892C91E0077BFA0 /* AboutMe */ = {
			isa = PBXNativeTarget;
			buildConfigurationList = BDFB29FD2892C9260077BFA0 /* Build configuration list for PBXNativeTarget "AboutMe" */;
			buildPhases = (
				BDFB29CC2892C91E0077BFA0 /* Sources */,
				BDFB29CD2892C91E0077BFA0 /* Frameworks */,
				BDFB29CE2892C91E0077BFA0 /* Resources */,
			);
			buildRules = (
			);
			dependencies = (
			);
			name = AboutMe;
			productName = AboutMe;
			productReference = BDFB29D02892C91E0077BFA0 /* AboutMe.app */;
			productType = "com.apple.product-type.application";
		};
		BDFB29E82892C9260077BFA0 /* AboutMeTests */ = {
			isa = PBXNativeTarget;
			buildConfigurationList = BDFB2A002892C9260077BFA0 /* Build configuration list for PBXNativeTarget "AboutMeTests" */;
			buildPhases = (
				BDFB29E52892C9260077BFA0 /* Sources */,
				BDFB29E62892C9260077BFA0 /* Frameworks */,
				BDFB29E72892C9260077BFA0 /* Resources */,
			);
			buildRules = (
			);
			dependencies = (
				BDFB29EB2892C9260077BFA0 /* PBXTargetDependency */,
			);
			name = AboutMeTests;
			productName = AboutMeTests;
			productReference = BDFB29E92892C9260077BFA0 /* AboutMeTests.xctest */;
			productType = "com.apple.product-type.bundle.unit-test";
		};
		BDFB29F22892C9260077BFA0 /* AboutMeUITests */ = {
			isa = PBXNativeTarget;
			buildConfigurationList = BDFB2A032892C9260077BFA0 /* Build configuration list for PBXNativeTarget "AboutMeUITests" */;
			buildPhases = (
				BDFB29EF2892C9260077BFA0 /* Sources */,
				BDFB29F02892C9260077BFA0 /* Frameworks */,
				BDFB29F12892C9260077BFA0 /* Resources */,
			);
			buildRules = (
			);
			dependencies = (
				BDFB29F52892C9260077BFA0 /* PBXTargetDependency */,
			);
			name = AboutMeUITests;
			productName = AboutMeUITests;
			productReference = BDFB29F32892C9260077BFA0 /* AboutMeUITests.xctest */;
			productType = "com.apple.product-type.bundle.ui-testing";
		};
/* End PBXNativeTarget section */

/* Begin PBXProject section */
		BDFB29C82892C91E0077BFA0 /* Project object */ = {
			isa = PBXProject;
			attributes = {
				BuildIndependentTargetsInParallel = 1;
				LastSwiftUpdateCheck = 1340;
				LastUpgradeCheck = 1340;
				TargetAttributes = {
					BDFB29CF2892C91E0077BFA0 = {
						CreatedOnToolsVersion = 13.4.1;
					};
					BDFB29E82892C9260077BFA0 = {
						CreatedOnToolsVersion = 13.4.1;
						TestTargetID = BDFB29CF2892C91E0077BFA0;
					};
					BDFB29F22892C9260077BFA0 = {
						CreatedOnToolsVersion = 13.4.1;
						TestTargetID = BDFB29CF2892C91E0077BFA0;
					};
				};
			};
			buildConfigurationList = BDFB29CB2892C91E0077BFA0 /* Build configuration list for PBXProject "AboutMe" */;
			compatibilityVersion = "Xcode 13.0";
			developmentRegion = en;
			hasScannedForEncodings = 0;
			knownRegions = (
				en,
				Base,
			);
			mainGroup = BDFB29C72892C91E0077BFA0;
			productRefGroup = BDFB29D12892C91E0077BFA0 /* Products */;
			projectDirPath = "";
			projectRoot = "";
			targets = (
				BDFB29CF2892C91E0077BFA0 /* AboutMe */,
				BDFB29E82892C9260077BFA0 /* AboutMeTests */,
				BDFB29F22892C9260077BFA0 /* AboutMeUITests */,
			);
		};
/* End PBXProject section */

/* Begin PBXResourcesBuildPhase section */
		BDFB29CE2892C91E0077BFA0 /* Resources */ = {
			isa = PBXResourcesBuildPhase;
			buildActionMask = 2147483647;
			files = (
				BDFB29E32892C9260077BFA0 /* LaunchScreen.storyboard in Resources */,
				BDFB29E02892C9260077BFA0 /* Assets in Resources */,
				BDFB29DB2892C91E0077BFA0 /* Main.storyboard in Resources */,
			);
			runOnlyForDeploymentPostprocessing = 0;
		};
		BDFB29E72892C9260077BFA0 /* Resources */ = {
			isa = PBXResourcesBuildPhase;
			buildActionMask = 2147483647;
			files = (
			);
			runOnlyForDeploymentPostprocessing = 0;
		};
		BDFB29F12892C9260077BFA0 /* Resources */ = {
			isa = PBXResourcesBuildPhase;
			buildActionMask = 2147483647;
			files = (
			);
			runOnlyForDeploymentPostprocessing = 0;
		};
/* End PBXResourcesBuildPhase section */

/* Begin PBXSourcesBuildPhase section */
		BDFB29CC2892C91E0077BFA0 /* Sources */ = {
			isa = PBXSourcesBuildPhase;
			buildActionMask = 2147483647;
			files = (
				BDFB29D82892C91E0077BFA0 /* ViewController.swift in Sources */,
				BDFB29DE2892C91E0077BFA0 /* AboutMe.xcdatamodeld in Sources */,
				BDFB29D42892C91E0077BFA0 /* AppDelegate.swift in Sources */,
				BDFB29D62892C91E0077BFA0 /* SceneDelegate.swift in Sources */,
			);
			runOnlyForDeploymentPostprocessing = 0;
		};
		BDFB29E52892C9260077BFA0 /* Sources */ = {
			isa = PBXSourcesBuildPhase;
			buildActionMask = 2147483647;
			files = (
				BDFB29EE2892C9260077BFA0 /* AboutMeTests.swift in Sources */,
			);
			runOnlyForDeploymentPostprocessing = 0;
		};
		BDFB29EF2892C9260077BFA0 /* Sources */ = {
			isa = PBXSourcesBuildPhase;
			buildActionMask = 2147483647;
			files = (
				BDFB29FA2892C9260077BFA0 /* AboutMeUITestsLaunchTests.swift in Sources */,
				BDFB29F82892C9260077BFA0 /* AboutMeUITests.swift in Sources */,
			);
			runOnlyForDeploymentPostprocessing = 0;
		};
/* End PBXSourcesBuildPhase section */

/* Begin PBXTargetDependency section */
		BDFB29EB2892C9260077BFA0 /* PBXTargetDependency */ = {
			isa = PBXTargetDependency;
			target = BDFB29CF2892C91E0077BFA0 /* AboutMe */;
			targetProxy = BDFB29EA2892C9260077BFA0 /* PBXContainerItemProxy */;
		};
		BDFB29F52892C9260077BFA0 /* PBXTargetDependency */ = {
			isa = PBXTargetDependency;
			target = BDFB29CF2892C91E0077BFA0 /* AboutMe */;
			targetProxy = BDFB29F42892C9260077BFA0 /* PBXContainerItemProxy */;
		};
/* End PBXTargetDependency section */

/* Begin PBXVariantGroup section */
		BDFB29D92892C91E0077BFA0 /* Main.storyboard */ = {
			isa = PBXVariantGroup;
			children = (
				BDFB29DA2892C91E0077BFA0 /* Base */,
			);
			name = Main.storyboard;
			sourceTree = "<group>";
		};
		BDFB29E12892C9260077BFA0 /* LaunchScreen.storyboard */ = {
			isa = PBXVariantGroup;
			children = (
				BDFB29E22892C9260077BFA0 /* Base */,
			);
			name = LaunchScreen.storyboard;
			sourceTree = "<group>";
		};
/* End PBXVariantGroup section */

/* Begin XCBuildConfiguration section */
		BDFB29FB2892C9260077BFA0 /* Debug */ = {
			isa = XCBuildConfiguration;
			buildSettings = {
				ALWAYS_SEARCH_USER_PATHS = NO;
				CLANG_ANALYZER_NONNULL = YES;
				CLANG_ANALYZER_NUMBER_OBJECT_CONVERSION = YES_AGGRESSIVE;
				CLANG_CXX_LANGUAGE_STANDARD = "gnu++17";
				CLANG_ENABLE_MODULES = YES;
				CLANG_ENABLE_OBJC_ARC = YES;
				CLANG_ENABLE_OBJC_WEAK = YES;
				CLANG_WARN_BLOCK_CAPTURE_AUTORELEASING = YES;
				CLANG_WARN_BOOL_CONVERSION = YES;
				CLANG_WARN_COMMA = YES;
				CLANG_WARN_CONSTANT_CONVERSION = YES;
				CLANG_WARN_DEPRECATED_OBJC_IMPLEMENTATIONS = YES;
				CLANG_WARN_DIRECT_OBJC_ISA_USAGE = YES_ERROR;
				CLANG_WARN_DOCUMENTATION_COMMENTS = YES;
				CLANG_WARN_EMPTY_BODY = YES;
				CLANG_WARN_ENUM_CONVERSION = YES;
				CLANG_WARN_INFINITE_RECURSION = YES;
				CLANG_WARN_INT_CONVERSION = YES;
				CLANG_WARN_NON_LITERAL_NULL_CONVERSION = YES;
				CLANG_WARN_OBJC_IMPLICIT_RETAIN_SELF = YES;
				CLANG_WARN_OBJC_LITERAL_CONVERSION = YES;
				CLANG_WARN_OBJC_ROOT_CLASS = YES_ERROR;
				CLANG_WARN_QUOTED_INCLUDE_IN_FRAMEWORK_HEADER = YES;
				CLANG_WARN_RANGE_LOOP_ANALYSIS = YES;
				CLANG_WARN_STRICT_PROTOTYPES = YES;
				CLANG_WARN_SUSPICIOUS_MOVE = YES;
				CLANG_WARN_UNGUARDED_AVAILABILITY = YES_AGGRESSIVE;
				CLANG_WARN_UNREACHABLE_CODE = YES;
				CLANG_WARN__DUPLICATE_METHOD_MATCH = YES;
				COPY_PHASE_STRIP = NO;
				DEBUG_INFORMATION_FORMAT = dwarf;
				ENABLE_STRICT_OBJC_MSGSEND = YES;
				ENABLE_TESTABILITY = YES;
				GCC_C_LANGUAGE_STANDARD = gnu11;
				GCC_DYNAMIC_NO_PIC = NO;
				GCC_NO_COMMON_BLOCKS = YES;
				GCC_OPTIMIZATION_LEVEL = 0;
				GCC_PREPROCESSOR_DEFINITIONS = (
					"DEBUG=1",
					"$(inherited)",
				);
				GCC_WARN_64_TO_32_BIT_CONVERSION = YES;
				GCC_WARN_ABOUT_RETURN_TYPE = YES_ERROR;
				GCC_WARN_UNDECLARED_SELECTOR = YES;
				GCC_WARN_UNINITIALIZED_AUTOS = YES_AGGRESSIVE;
				GCC_WARN_UNUSED_FUNCTION = YES;
				GCC_WARN_UNUSED_VARIABLE = YES;
				IPHONEOS_DEPLOYMENT_TARGET = 15.5;
				MTL_ENABLE_DEBUG_INFO = INCLUDE_SOURCE;
				MTL_FAST_MATH = YES;
				ONLY_ACTIVE_ARCH = YES;
				SDKROOT = iphoneos;
				SWIFT_ACTIVE_COMPILATION_CONDITIONS = DEBUG;
				SWIFT_OPTIMIZATION_LEVEL = "-Onone";
			};
			name = Debug;
		};
		BDFB29FC2892C9260077BFA0 /* Release */ = {
			isa = XCBuildConfiguration;
			buildSettings = {
				ALWAYS_SEARCH_USER_PATHS = NO;
				CLANG_ANALYZER_NONNULL = YES;
				CLANG_ANALYZER_NUMBER_OBJECT_CONVERSION = YES_AGGRESSIVE;
				CLANG_CXX_LANGUAGE_STANDARD = "gnu++17";
				CLANG_ENABLE_MODULES = YES;
				CLANG_ENABLE_OBJC_ARC = YES;
				CLANG_ENABLE_OBJC_WEAK = YES;
				CLANG_WARN_BLOCK_CAPTURE_AUTORELEASING = YES;
				CLANG_WARN_BOOL_CONVERSION = YES;
				CLANG_WARN_COMMA = YES;
				CLANG_WARN_CONSTANT_CONVERSION = YES;
				CLANG_WARN_DEPRECATED_OBJC_IMPLEMENTATIONS = YES;
				CLANG_WARN_DIRECT_OBJC_ISA_USAGE = YES_ERROR;
				CLANG_WARN_DOCUMENTATION_COMMENTS = YES;
				CLANG_WARN_EMPTY_BODY = YES;
				CLANG_WARN_ENUM_CONVERSION = YES;
				CLANG_WARN_INFINITE_RECURSION = YES;
				CLANG_WARN_INT_CONVERSION = YES;
				CLANG_WARN_NON_LITERAL_NULL_CONVERSION = YES;
				CLANG_WARN_OBJC_IMPLICIT_RETAIN_SELF = YES;
				CLANG_WARN_OBJC_LITERAL_CONVERSION = YES;
				CLANG_WARN_OBJC_ROOT_CLASS = YES_ERROR;
				CLANG_WARN_QUOTED_INCLUDE_IN_FRAMEWORK_HEADER = YES;
				CLANG_WARN_RANGE_LOOP_ANALYSIS = YES;
				CLANG_WARN_STRICT_PROTOTYPES = YES;
				CLANG_WARN_SUSPICIOUS_MOVE = YES;
				CLANG_WARN_UNGUARDED_AVAILABILITY = YES_AGGRESSIVE;
				CLANG_WARN_UNREACHABLE_CODE = YES;
				CLANG_WARN__DUPLICATE_METHOD_MATCH = YES;
				COPY_PHASE_STRIP = NO;
				DEBUG_INFORMATION_FORMAT = "dwarf-with-dsym";
				ENABLE_NS_ASSERTIONS = NO;
				ENABLE_STRICT_OBJC_MSGSEND = YES;
				GCC_C_LANGUAGE_STANDARD = gnu11;
				GCC_NO_COMMON_BLOCKS = YES;
				GCC_WARN_64_TO_32_BIT_CONVERSION = YES;
				GCC_WARN_ABOUT_RETURN_TYPE = YES_ERROR;
				GCC_WARN_UNDECLARED_SELECTOR = YES;
				GCC_WARN_UNINITIALIZED_AUTOS = YES_AGGRESSIVE;
				GCC_WARN_UNUSED_FUNCTION = YES;
				GCC_WARN_UNUSED_VARIABLE = YES;
				IPHONEOS_DEPLOYMENT_TARGET = 15.5;
				MTL_ENABLE_DEBUG_INFO = NO;
				MTL_FAST_MATH = YES;
				SDKROOT = iphoneos;
				SWIFT_COMPILATION_MODE = wholemodule;
				SWIFT_OPTIMIZATION_LEVEL = "-O";
				VALIDATE_PRODUCT = YES;
			};
			name = Release;
		};
		BDFB29FE2892C9260077BFA0 /* Debug */ = {
			isa = XCBuildConfiguration;
			buildSettings = {
				ASSETCATALOG_COMPILER_APPICON_NAME = AppIcon;
				ASSETCATALOG_COMPILER_GLOBAL_ACCENT_COLOR_NAME = AccentColor;
				CODE_SIGN_STYLE = Automatic;
				CURRENT_PROJECT_VERSION = 1;
				GENERATE_INFOPLIST_FILE = YES;
				INFOPLIST_FILE = AboutMe/Info.plist;
				INFOPLIST_KEY_UIApplicationSupportsIndirectInputEvents = YES;
				INFOPLIST_KEY_UILaunchStoryboardName = LaunchScreen;
				INFOPLIST_KEY_UIMainStoryboardFile = Main;
				INFOPLIST_KEY_UISupportedInterfaceOrientations_iPad = "UIInterfaceOrientationPortrait UIInterfaceOrientationPortraitUpsideDown UIInterfaceOrientationLandscapeLeft UIInterfaceOrientationLandscapeRight";
				INFOPLIST_KEY_UISupportedInterfaceOrientations_iPhone = "UIInterfaceOrientationPortrait UIInterfaceOrientationLandscapeLeft UIInterfaceOrientationLandscapeRight";
				LD_RUNPATH_SEARCH_PATHS = (
					"$(inherited)",
					"@executable_path/Frameworks",
				);
				MARKETING_VERSION = 1.0;
				PRODUCT_BUNDLE_IDENTIFIER = KWK.AboutMe;
				PRODUCT_NAME = "$(TARGET_NAME)";
				SWIFT_EMIT_LOC_STRINGS = YES;
				SWIFT_VERSION = 5.0;
				TARGETED_DEVICE_FAMILY = "1,2";
			};
			name = Debug;
		};
		BDFB29FF2892C9260077BFA0 /* Release */ = {
			isa = XCBuildConfiguration;
			buildSettings = {
				ASSETCATALOG_COMPILER_APPICON_NAME = AppIcon;
				ASSETCATALOG_COMPILER_GLOBAL_ACCENT_COLOR_NAME = AccentColor;
				CODE_SIGN_STYLE = Automatic;
				CURRENT_PROJECT_VERSION = 1;
				GENERATE_INFOPLIST_FILE = YES;
				INFOPLIST_FILE = AboutMe/Info.plist;
				INFOPLIST_KEY_UIApplicationSupportsIndirectInputEvents = YES;
				INFOPLIST_KEY_UILaunchStoryboardName = LaunchScreen;
				INFOPLIST_KEY_UIMainStoryboardFile = Main;
				INFOPLIST_KEY_UISupportedInterfaceOrientations_iPad = "UIInterfaceOrientationPortrait UIInterfaceOrientationPortraitUpsideDown UIInterfaceOrientationLandscapeLeft UIInterfaceOrientationLandscapeRight";
				INFOPLIST_KEY_UISupportedInterfaceOrientations_iPhone = "UIInterfaceOrientationPortrait UIInterfaceOrientationLandscapeLeft UIInterfaceOrientationLandscapeRight";
				LD_RUNPATH_SEARCH_PATHS = (
					"$(inherited)",
					"@executable_path/Frameworks",
				);
				MARKETING_VERSION = 1.0;
				PRODUCT_BUNDLE_IDENTIFIER = KWK.AboutMe;
				PRODUCT_NAME = "$(TARGET_NAME)";
				SWIFT_EMIT_LOC_STRINGS = YES;
				SWIFT_VERSION = 5.0;
				TARGETED_DEVICE_FAMILY = "1,2";
			};
			name = Release;
		};
		BDFB2A012892C9260077BFA0 /* Debug */ = {
			isa = XCBuildConfiguration;
			buildSettings = {
				ALWAYS_EMBED_SWIFT_STANDARD_LIBRARIES = YES;
				BUNDLE_LOADER = "$(TEST_HOST)";
				CODE_SIGN_STYLE = Automatic;
				CURRENT_PROJECT_VERSION = 1;
				GENERATE_INFOPLIST_FILE = YES;
				IPHONEOS_DEPLOYMENT_TARGET = 15.5;
				MARKETING_VERSION = 1.0;
				PRODUCT_BUNDLE_IDENTIFIER = KWK.AboutMeTests;
				PRODUCT_NAME = "$(TARGET_NAME)";
				SWIFT_EMIT_LOC_STRINGS = NO;
				SWIFT_VERSION = 5.0;
				TARGETED_DEVICE_FAMILY = "1,2";
				TEST_HOST = "$(BUILT_PRODUCTS_DIR)/AboutMe.app/AboutMe";
			};
			name = Debug;
		};
		BDFB2A022892C9260077BFA0 /* Release */ = {
			isa = XCBuildConfiguration;
			buildSettings = {
				ALWAYS_EMBED_SWIFT_STANDARD_LIBRARIES = YES;
				BUNDLE_LOADER = "$(TEST_HOST)";
				CODE_SIGN_STYLE = Automatic;
				CURRENT_PROJECT_VERSION = 1;
				GENERATE_INFOPLIST_FILE = YES;
				IPHONEOS_DEPLOYMENT_TARGET = 15.5;
				MARKETING_VERSION = 1.0;
				PRODUCT_BUNDLE_IDENTIFIER = KWK.AboutMeTests;
				PRODUCT_NAME = "$(TARGET_NAME)";
				SWIFT_EMIT_LOC_STRINGS = NO;
				SWIFT_VERSION = 5.0;
				TARGETED_DEVICE_FAMILY = "1,2";
				TEST_HOST = "$(BUILT_PRODUCTS_DIR)/AboutMe.app/AboutMe";
			};
			name = Release;
		};
		BDFB2A042892C9260077BFA0 /* Debug */ = {
			isa = XCBuildConfiguration;
			buildSettings = {
				ALWAYS_EMBED_SWIFT_STANDARD_LIBRARIES = YES;
				CODE_SIGN_STYLE = Automatic;
				CURRENT_PROJECT_VERSION = 1;
				GENERATE_INFOPLIST_FILE = YES;
				MARKETING_VERSION = 1.0;
				PRODUCT_BUNDLE_IDENTIFIER = KWK.AboutMeUITests;
				PRODUCT_NAME = "$(TARGET_NAME)";
				SWIFT_EMIT_LOC_STRINGS = NO;
				SWIFT_VERSION = 5.0;
				TARGETED_DEVICE_FAMILY = "1,2";
				TEST_TARGET_NAME = AboutMe;
			};
			name = Debug;
		};
		BDFB2A052892C9260077BFA0 /* Release */ = {
			isa = XCBuildConfiguration;
			buildSettings = {
				ALWAYS_EMBED_SWIFT_STANDARD_LIBRARIES = YES;
				CODE_SIGN_STYLE = Automatic;
				CURRENT_PROJECT_VERSION = 1;
				GENERATE_INFOPLIST_FILE = YES;
				MARKETING_VERSION = 1.0;
				PRODUCT_BUNDLE_IDENTIFIER = KWK.AboutMeUITests;
				PRODUCT_NAME = "$(TARGET_NAME)";
				SWIFT_EMIT_LOC_STRINGS = NO;
				SWIFT_VERSION = 5.0;
				TARGETED_DEVICE_FAMILY = "1,2";
				TEST_TARGET_NAME = AboutMe;
			};
			name = Release;
		};
/* End XCBuildConfiguration section */

/* Begin XCConfigurationList section */
		BDFB29CB2892C91E0077BFA0 /* Build configuration list for PBXProject "AboutMe" */ = {
			isa = XCConfigurationList;
			buildConfigurations = (
				BDFB29FB2892C9260077BFA0 /* Debug */,
				BDFB29FC2892C9260077BFA0 /* Release */,
			);
			defaultConfigurationIsVisible = 0;
			defaultConfigurationName = Release;
		};
		BDFB29FD2892C9260077BFA0 /* Build configuration list for PBXNativeTarget "AboutMe" */ = {
			isa = XCConfigurationList;
			buildConfigurations = (
				BDFB29FE2892C9260077BFA0 /* Debug */,
				BDFB29FF2892C9260077BFA0 /* Release */,
			);
			defaultConfigurationIsVisible = 0;
			defaultConfigurationName = Release;
		};
		BDFB2A002892C9260077BFA0 /* Build configuration list for PBXNativeTarget "AboutMeTests" */ = {
			isa = XCConfigurationList;
			buildConfigurations = (
				BDFB2A012892C9260077BFA0 /* Debug */,
				BDFB2A022892C9260077BFA0 /* Release */,
			);
			defaultConfigurationIsVisible = 0;
			defaultConfigurationName = Release;
		};
		BDFB2A032892C9260077BFA0 /* Build configuration list for PBXNativeTarget "AboutMeUITests" */ = {
			isa = XCConfigurationList;
			buildConfigurations = (
				BDFB2A042892C9260077BFA0 /* Debug */,
				BDFB2A052892C9260077BFA0 /* Release */,
			);
			defaultConfigurationIsVisible = 0;
			defaultConfigurationName = Release;
		};
/* End XCConfigurationList section */

/* Begin XCVersionGroup section */
		BDFB29DC2892C91E0077BFA0 /* AboutMe.xcdatamodeld */ = {
			isa = XCVersionGroup;
			children = (
				BDFB29DD2892C91E0077BFA0 /* AboutMe.xcdatamodel */,
			);
			currentVersion = BDFB29DD2892C91E0077BFA0 /* AboutMe.xcdatamodel */;
			path = AboutMe.xcdatamodeld;
			sourceTree = "<group>";
			versionGroupType = wrapper.xcdatamodel;
		};
/* End XCVersionGroup section */
	};
	rootObject = BDFB29C82892C91E0077BFA0 /* Project object */;
}
